
Microsoft Visual Studio Solution File, Format Version 12.00
# Visual Studio Version 16
VisualStudioVersion = 16.0.29215.179
MinimumVisualStudioVersion = 10.0.40219.1
Project("{00D1A9C2-B5F0-4AF3-8072-F6C62B433612}") = "Sfa.Tl.ResultsAndCertification.Database", "Sfa.Tl.ResultsAndCertification.Database\Sfa.Tl.ResultsAndCertification.Database.sqlproj", "{2714B171-03E8-4D0E-8C57-F240DB3D49BE}"
EndProject
Project("{9A19103F-16F7-4668-BE54-9A1E7A4F7556}") = "Sfa.Tl.ResultsAndCertification.Web", "Sfa.Tl.ResultsAndCertification.Web\Sfa.Tl.ResultsAndCertification.Web.csproj", "{DFDD3645-BDA3-40EA-920C-31AAC7DA1FC8}"
EndProject
Project("{9A19103F-16F7-4668-BE54-9A1E7A4F7556}") = "Sfa.Tl.ResultsAndCertification.InternalApi", "Sfa.Tl.ResultsAndCertification.InternalApi\Sfa.Tl.ResultsAndCertification.InternalApi.csproj", "{699E665A-15AD-4413-B0AD-CAD2E62396A6}"
EndProject
Project("{9A19103F-16F7-4668-BE54-9A1E7A4F7556}") = "Sfa.Tl.ResultsAndCertification.Domain", "Sfa.Tl.ResultsAndCertification.Domain\Sfa.Tl.ResultsAndCertification.Domain.csproj", "{75385E05-9487-44CD-99B9-D3BECE5AFBF9}"
EndProject
Project("{9A19103F-16F7-4668-BE54-9A1E7A4F7556}") = "Sfa.Tl.ResultsAndCertification.Data", "Sfa.Tl.ResultsAndCertification.Data\Sfa.Tl.ResultsAndCertification.Data.csproj", "{C30A639F-EAD6-4B7F-BF8C-0B1CE9F31D8E}"
EndProject
Project("{9A19103F-16F7-4668-BE54-9A1E7A4F7556}") = "Sfa.Tl.ResultsAndCertification.Application", "Sfa.Tl.ResultsAndCertification.Application\Sfa.Tl.ResultsAndCertification.Application.csproj", "{D8B95BF4-8B59-429F-8DBB-BD0D58654A3B}"
EndProject
Project("{9A19103F-16F7-4668-BE54-9A1E7A4F7556}") = "Sfa.Tl.ResultsAndCertification.Models", "Sfa.Tl.ResultsAndCertification.Models\Sfa.Tl.ResultsAndCertification.Models.csproj", "{9B7E8012-15A6-44F8-8999-FB4311969264}"
EndProject
Project("{2150E333-8FDC-42A3-9474-1A3956D46DE8}") = "Tests", "Tests", "{27D1F44A-780E-48E7-8423-7E892F7D51F4}"
EndProject
Project("{9A19103F-16F7-4668-BE54-9A1E7A4F7556}") = "Sfa.Tl.ResultsAndCertification.Data.UnitTests", "Tests\Sfa.Tl.ResultsAndCertification.Data.UnitTests\Sfa.Tl.ResultsAndCertification.Data.UnitTests.csproj", "{83FAD513-636C-4819-8011-475F9C026B0E}"
EndProject
Project("{9A19103F-16F7-4668-BE54-9A1E7A4F7556}") = "Sfa.Tl.ResultsAndCertification.Web.UnitTests", "Tests\Sfa.Tl.ResultsAndCertification.Web.UnitTests\Sfa.Tl.ResultsAndCertification.Web.UnitTests.csproj", "{98B60545-ED2C-4912-BED2-9CCB2276D978}"
EndProject
Project("{9A19103F-16F7-4668-BE54-9A1E7A4F7556}") = "Sfa.Tl.ResultsAndCertification.Common", "Sfa.Tl.ResultsAndCertification.Common\Sfa.Tl.ResultsAndCertification.Common.csproj", "{93F8946B-D8F0-45F0-BB3F-A712948982F1}"
EndProject
Project("{9A19103F-16F7-4668-BE54-9A1E7A4F7556}") = "Sfa.Tl.ResultsAndCertification.IntegrationTests", "Tests\Sfa.Tl.ResultsAndCertification.Data.IntegrationTests\Sfa.Tl.ResultsAndCertification.IntegrationTests.csproj", "{53D41D57-3DE6-42FE-B1D1-EF2154C04732}"
EndProject
Project("{9A19103F-16F7-4668-BE54-9A1E7A4F7556}") = "Sfa.Tl.ResultsAndCertification.Tests.Common", "Sfa.Tl.ResultsAndCertification.Tests.Common\Sfa.Tl.ResultsAndCertification.Tests.Common.csproj", "{FC6E0F25-FCC0-4908-A883-E792600092EB}"
EndProject
Project("{9A19103F-16F7-4668-BE54-9A1E7A4F7556}") = "Sfa.Tl.ResultsAndCertification.Api.Client", "Sfa.Tl.ResultsAndCertification.Api.Client\Sfa.Tl.ResultsAndCertification.Api.Client.csproj", "{6FFDE65E-61D1-4FAA-B649-B05FD2EEA23D}"
EndProject
Project("{9A19103F-16F7-4668-BE54-9A1E7A4F7556}") = "Sfa.Tl.ResultsAndCertification.Api.Client.UnitTests", "Tests\Sfa.Tl.ResultsAndCertification.Api.Client.UnitTests\Sfa.Tl.ResultsAndCertification.Api.Client.UnitTests.csproj", "{18FDF69D-CBBA-4876-8042-48936052771A}"
EndProject
Project("{2150E333-8FDC-42A3-9474-1A3956D46DE8}") = "Nuget", "Nuget", "{BFACF837-370F-4AB5-AAD4-6779E67BAF6C}"
	ProjectSection(SolutionItems) = preProject
		Nuget.config = Nuget.config
	EndProjectSection
EndProject
Global
	GlobalSection(SolutionConfigurationPlatforms) = preSolution
		Debug|Any CPU = Debug|Any CPU
		Release|Any CPU = Release|Any CPU
	EndGlobalSection
	GlobalSection(ProjectConfigurationPlatforms) = postSolution
		{2714B171-03E8-4D0E-8C57-F240DB3D49BE}.Debug|Any CPU.ActiveCfg = Debug|Any CPU
		{2714B171-03E8-4D0E-8C57-F240DB3D49BE}.Debug|Any CPU.Build.0 = Debug|Any CPU
		{2714B171-03E8-4D0E-8C57-F240DB3D49BE}.Debug|Any CPU.Deploy.0 = Debug|Any CPU
		{2714B171-03E8-4D0E-8C57-F240DB3D49BE}.Release|Any CPU.ActiveCfg = Release|Any CPU
		{DFDD3645-BDA3-40EA-920C-31AAC7DA1FC8}.Debug|Any CPU.ActiveCfg = Debug|Any CPU
		{DFDD3645-BDA3-40EA-920C-31AAC7DA1FC8}.Debug|Any CPU.Build.0 = Debug|Any CPU
		{DFDD3645-BDA3-40EA-920C-31AAC7DA1FC8}.Release|Any CPU.ActiveCfg = Release|Any CPU
		{DFDD3645-BDA3-40EA-920C-31AAC7DA1FC8}.Release|Any CPU.Build.0 = Release|Any CPU
		{699E665A-15AD-4413-B0AD-CAD2E62396A6}.Debug|Any CPU.ActiveCfg = Debug|Any CPU
		{699E665A-15AD-4413-B0AD-CAD2E62396A6}.Debug|Any CPU.Build.0 = Debug|Any CPU
		{699E665A-15AD-4413-B0AD-CAD2E62396A6}.Release|Any CPU.ActiveCfg = Release|Any CPU
		{699E665A-15AD-4413-B0AD-CAD2E62396A6}.Release|Any CPU.Build.0 = Release|Any CPU
		{75385E05-9487-44CD-99B9-D3BECE5AFBF9}.Debug|Any CPU.ActiveCfg = Debug|Any CPU
		{75385E05-9487-44CD-99B9-D3BECE5AFBF9}.Debug|Any CPU.Build.0 = Debug|Any CPU
		{75385E05-9487-44CD-99B9-D3BECE5AFBF9}.Release|Any CPU.ActiveCfg = Release|Any CPU
		{75385E05-9487-44CD-99B9-D3BECE5AFBF9}.Release|Any CPU.Build.0 = Release|Any CPU
		{C30A639F-EAD6-4B7F-BF8C-0B1CE9F31D8E}.Debug|Any CPU.ActiveCfg = Debug|Any CPU
		{C30A639F-EAD6-4B7F-BF8C-0B1CE9F31D8E}.Debug|Any CPU.Build.0 = Debug|Any CPU
		{C30A639F-EAD6-4B7F-BF8C-0B1CE9F31D8E}.Release|Any CPU.ActiveCfg = Release|Any CPU
		{C30A639F-EAD6-4B7F-BF8C-0B1CE9F31D8E}.Release|Any CPU.Build.0 = Release|Any CPU
		{D8B95BF4-8B59-429F-8DBB-BD0D58654A3B}.Debug|Any CPU.ActiveCfg = Debug|Any CPU
		{D8B95BF4-8B59-429F-8DBB-BD0D58654A3B}.Debug|Any CPU.Build.0 = Debug|Any CPU
		{D8B95BF4-8B59-429F-8DBB-BD0D58654A3B}.Release|Any CPU.ActiveCfg = Release|Any CPU
		{D8B95BF4-8B59-429F-8DBB-BD0D58654A3B}.Release|Any CPU.Build.0 = Release|Any CPU
		{9B7E8012-15A6-44F8-8999-FB4311969264}.Debug|Any CPU.ActiveCfg = Debug|Any CPU
		{9B7E8012-15A6-44F8-8999-FB4311969264}.Debug|Any CPU.Build.0 = Debug|Any CPU
		{9B7E8012-15A6-44F8-8999-FB4311969264}.Release|Any CPU.ActiveCfg = Release|Any CPU
		{9B7E8012-15A6-44F8-8999-FB4311969264}.Release|Any CPU.Build.0 = Release|Any CPU
		{83FAD513-636C-4819-8011-475F9C026B0E}.Debug|Any CPU.ActiveCfg = Debug|Any CPU
		{83FAD513-636C-4819-8011-475F9C026B0E}.Debug|Any CPU.Build.0 = Debug|Any CPU
		{83FAD513-636C-4819-8011-475F9C026B0E}.Release|Any CPU.ActiveCfg = Release|Any CPU
		{83FAD513-636C-4819-8011-475F9C026B0E}.Release|Any CPU.Build.0 = Release|Any CPU
		{98B60545-ED2C-4912-BED2-9CCB2276D978}.Debug|Any CPU.ActiveCfg = Debug|Any CPU
		{98B60545-ED2C-4912-BED2-9CCB2276D978}.Debug|Any CPU.Build.0 = Debug|Any CPU
		{98B60545-ED2C-4912-BED2-9CCB2276D978}.Release|Any CPU.ActiveCfg = Release|Any CPU
		{98B60545-ED2C-4912-BED2-9CCB2276D978}.Release|Any CPU.Build.0 = Release|Any CPU
		{93F8946B-D8F0-45F0-BB3F-A712948982F1}.Debug|Any CPU.ActiveCfg = Debug|Any CPU
		{93F8946B-D8F0-45F0-BB3F-A712948982F1}.Debug|Any CPU.Build.0 = Debug|Any CPU
		{93F8946B-D8F0-45F0-BB3F-A712948982F1}.Release|Any CPU.ActiveCfg = Release|Any CPU
		{93F8946B-D8F0-45F0-BB3F-A712948982F1}.Release|Any CPU.Build.0 = Release|Any CPU
		{53D41D57-3DE6-42FE-B1D1-EF2154C04732}.Debug|Any CPU.ActiveCfg = Debug|Any CPU
		{53D41D57-3DE6-42FE-B1D1-EF2154C04732}.Debug|Any CPU.Build.0 = Debug|Any CPU
		{53D41D57-3DE6-42FE-B1D1-EF2154C04732}.Release|Any CPU.ActiveCfg = Release|Any CPU
		{53D41D57-3DE6-42FE-B1D1-EF2154C04732}.Release|Any CPU.Build.0 = Release|Any CPU
		{FC6E0F25-FCC0-4908-A883-E792600092EB}.Debug|Any CPU.ActiveCfg = Debug|Any CPU
		{FC6E0F25-FCC0-4908-A883-E792600092EB}.Debug|Any CPU.Build.0 = Debug|Any CPU
		{FC6E0F25-FCC0-4908-A883-E792600092EB}.Release|Any CPU.ActiveCfg = Release|Any CPU
		{FC6E0F25-FCC0-4908-A883-E792600092EB}.Release|Any CPU.Build.0 = Release|Any CPU
		{6FFDE65E-61D1-4FAA-B649-B05FD2EEA23D}.Debug|Any CPU.ActiveCfg = Debug|Any CPU
		{6FFDE65E-61D1-4FAA-B649-B05FD2EEA23D}.Debug|Any CPU.Build.0 = Debug|Any CPU
		{6FFDE65E-61D1-4FAA-B649-B05FD2EEA23D}.Release|Any CPU.ActiveCfg = Release|Any CPU
		{6FFDE65E-61D1-4FAA-B649-B05FD2EEA23D}.Release|Any CPU.Build.0 = Release|Any CPU
		{18FDF69D-CBBA-4876-8042-48936052771A}.Debug|Any CPU.ActiveCfg = Debug|Any CPU
		{18FDF69D-CBBA-4876-8042-48936052771A}.Debug|Any CPU.Build.0 = Debug|Any CPU
		{18FDF69D-CBBA-4876-8042-48936052771A}.Release|Any CPU.ActiveCfg = Release|Any CPU
		{18FDF69D-CBBA-4876-8042-48936052771A}.Release|Any CPU.Build.0 = Release|Any CPU
	EndGlobalSection
	GlobalSection(SolutionProperties) = preSolution
		HideSolutionNode = FALSE
	EndGlobalSection
	GlobalSection(NestedProjects) = preSolution
		{83FAD513-636C-4819-8011-475F9C026B0E} = {27D1F44A-780E-48E7-8423-7E892F7D51F4}
		{98B60545-ED2C-4912-BED2-9CCB2276D978} = {27D1F44A-780E-48E7-8423-7E892F7D51F4}
		{53D41D57-3DE6-42FE-B1D1-EF2154C04732} = {27D1F44A-780E-48E7-8423-7E892F7D51F4}
		{FC6E0F25-FCC0-4908-A883-E792600092EB} = {27D1F44A-780E-48E7-8423-7E892F7D51F4}
		{18FDF69D-CBBA-4876-8042-48936052771A} = {27D1F44A-780E-48E7-8423-7E892F7D51F4}
	EndGlobalSection
	GlobalSection(ExtensibilityGlobals) = postSolution
		SolutionGuid = {FB9971EA-9E54-4506-A8A0-2D78C5C3B588}
	EndGlobalSection
EndGlobal
