
Microsoft Visual Studio Solution File, Format Version 12.00
# Visual Studio Version 16
VisualStudioVersion = 16.0.29215.179
MinimumVisualStudioVersion = 10.0.40219.1
Project("{00D1A9C2-B5F0-4AF3-8072-F6C62B433612}") = "Sfa.Tl.ResultsAndCertification.Database", "Sfa.Tl.ResultsAndCertification.Database\Sfa.Tl.ResultsAndCertification.Database.sqlproj", "{2714B171-03E8-4D0E-8C57-F240DB3D49BE}"
EndProject
Project("{9A19103F-16F7-4668-BE54-9A1E7A4F7556}") = "Sfa.Tl.ResultsAndCertification.Web", "Sfa.Tl.ResultsAndCertification.Web\Sfa.Tl.ResultsAndCertification.Web.csproj", "{DFDD3645-BDA3-40EA-920C-31AAC7DA1FC8}"
EndProject
Project("{9A19103F-16F7-4668-BE54-9A1E7A4F7556}") = "Sfa.Tl.ResultsAndCertification.Api", "Sfa.Tl.ResultsAndCertification.Api\Sfa.Tl.ResultsAndCertification.Api.csproj", "{699E665A-15AD-4413-B0AD-CAD2E62396A6}"
EndProject
Project("{9A19103F-16F7-4668-BE54-9A1E7A4F7556}") = "Sfa.Tl.ResultsAndCertification.Domain", "Sfa.Tl.ResultsAndCertification.Domain\Sfa.Tl.ResultsAndCertification.Domain.csproj", "{75385E05-9487-44CD-99B9-D3BECE5AFBF9}"
EndProject
Project("{9A19103F-16F7-4668-BE54-9A1E7A4F7556}") = "Sfa.Tl.ResultsAndCertification.Data", "Sfa.Tl.ResultsAndCertification.Data\Sfa.Tl.ResultsAndCertification.Data.csproj", "{C30A639F-EAD6-4B7F-BF8C-0B1CE9F31D8E}"
EndProject
Project("{9A19103F-16F7-4668-BE54-9A1E7A4F7556}") = "Sfa.Tl.ResultsAndCertification.Application", "Sfa.Tl.ResultsAndCertification.Application\Sfa.Tl.ResultsAndCertification.Application.csproj", "{D8B95BF4-8B59-429F-8DBB-BD0D58654A3B}"
EndProject
Global
	GlobalSection(SolutionConfigurationPlatforms) = preSolution
		Debug|Any CPU = Debug|Any CPU
		Release|Any CPU = Release|Any CPU
	EndGlobalSection
	GlobalSection(ProjectConfigurationPlatforms) = postSolution
		{2714B171-03E8-4D0E-8C57-F240DB3D49BE}.Debug|Any CPU.ActiveCfg = Debug|Any CPU
		{2714B171-03E8-4D0E-8C57-F240DB3D49BE}.Debug|Any CPU.Build.0 = Debug|Any CPU
		{2714B171-03E8-4D0E-8C57-F240DB3D49BE}.Debug|Any CPU.Deploy.0 = Debug|Any CPU
		{2714B171-03E8-4D0E-8C57-F240DB3D49BE}.Release|Any CPU.ActiveCfg = Release|Any CPU
		{2714B171-03E8-4D0E-8C57-F240DB3D49BE}.Release|Any CPU.Build.0 = Release|Any CPU
		{2714B171-03E8-4D0E-8C57-F240DB3D49BE}.Release|Any CPU.Deploy.0 = Release|Any CPU
		{DFDD3645-BDA3-40EA-920C-31AAC7DA1FC8}.Debug|Any CPU.ActiveCfg = Debug|Any CPU
		{DFDD3645-BDA3-40EA-920C-31AAC7DA1FC8}.Debug|Any CPU.Build.0 = Debug|Any CPU
		{DFDD3645-BDA3-40EA-920C-31AAC7DA1FC8}.Release|Any CPU.ActiveCfg = Release|Any CPU
		{DFDD3645-BDA3-40EA-920C-31AAC7DA1FC8}.Release|Any CPU.Build.0 = Release|Any CPU
		{699E665A-15AD-4413-B0AD-CAD2E62396A6}.Debug|Any CPU.ActiveCfg = Debug|Any CPU
		{699E665A-15AD-4413-B0AD-CAD2E62396A6}.Debug|Any CPU.Build.0 = Debug|Any CPU
		{699E665A-15AD-4413-B0AD-CAD2E62396A6}.Release|Any CPU.ActiveCfg = Release|Any CPU
		{699E665A-15AD-4413-B0AD-CAD2E62396A6}.Release|Any CPU.Build.0 = Release|Any CPU
		{75385E05-9487-44CD-99B9-D3BECE5AFBF9}.Debug|Any CPU.ActiveCfg = Debug|Any CPU
		{75385E05-9487-44CD-99B9-D3BECE5AFBF9}.Debug|Any CPU.Build.0 = Debug|Any CPU
		{75385E05-9487-44CD-99B9-D3BECE5AFBF9}.Release|Any CPU.ActiveCfg = Release|Any CPU
		{75385E05-9487-44CD-99B9-D3BECE5AFBF9}.Release|Any CPU.Build.0 = Release|Any CPU
		{C30A639F-EAD6-4B7F-BF8C-0B1CE9F31D8E}.Debug|Any CPU.ActiveCfg = Debug|Any CPU
		{C30A639F-EAD6-4B7F-BF8C-0B1CE9F31D8E}.Debug|Any CPU.Build.0 = Debug|Any CPU
		{C30A639F-EAD6-4B7F-BF8C-0B1CE9F31D8E}.Release|Any CPU.ActiveCfg = Release|Any CPU
		{C30A639F-EAD6-4B7F-BF8C-0B1CE9F31D8E}.Release|Any CPU.Build.0 = Release|Any CPU
		{D8B95BF4-8B59-429F-8DBB-BD0D58654A3B}.Debug|Any CPU.ActiveCfg = Debug|Any CPU
		{D8B95BF4-8B59-429F-8DBB-BD0D58654A3B}.Debug|Any CPU.Build.0 = Debug|Any CPU
		{D8B95BF4-8B59-429F-8DBB-BD0D58654A3B}.Release|Any CPU.ActiveCfg = Release|Any CPU
		{D8B95BF4-8B59-429F-8DBB-BD0D58654A3B}.Release|Any CPU.Build.0 = Release|Any CPU
	EndGlobalSection
	GlobalSection(SolutionProperties) = preSolution
		HideSolutionNode = FALSE
	EndGlobalSection
	GlobalSection(ExtensibilityGlobals) = postSolution
		SolutionGuid = {FB9971EA-9E54-4506-A8A0-2D78C5C3B588}
	EndGlobalSection
EndGlobal
